
Microsoft Visual Studio Solution File, Format Version 12.00
# Visual Studio Version 17
VisualStudioVersion = 17.7.34031.279
MinimumVisualStudioVersion = 10.0.40219.1
Project("{FAE04EC0-301F-11D3-BF4B-00C04F79EFBC}") = "mvalenciaS3_T1", "mvalenciaS3_T1\mvalenciaS3_T1.csproj", "{623E1AE9-20B4-459A-8243-DFDEE5497F2E}"
EndProject
Global
	GlobalSection(SolutionConfigurationPlatforms) = preSolution
		Debug|Any CPU = Debug|Any CPU
		Release|Any CPU = Release|Any CPU
	EndGlobalSection
	GlobalSection(ProjectConfigurationPlatforms) = postSolution
		{623E1AE9-20B4-459A-8243-DFDEE5497F2E}.Debug|Any CPU.ActiveCfg = Debug|Any CPU
		{623E1AE9-20B4-459A-8243-DFDEE5497F2E}.Debug|Any CPU.Build.0 = Debug|Any CPU
		{623E1AE9-20B4-459A-8243-DFDEE5497F2E}.Debug|Any CPU.Deploy.0 = Debug|Any CPU
		{623E1AE9-20B4-459A-8243-DFDEE5497F2E}.Release|Any CPU.ActiveCfg = Release|Any CPU
		{623E1AE9-20B4-459A-8243-DFDEE5497F2E}.Release|Any CPU.Build.0 = Release|Any CPU
		{623E1AE9-20B4-459A-8243-DFDEE5497F2E}.Release|Any CPU.Deploy.0 = Release|Any CPU
	EndGlobalSection
	GlobalSection(SolutionProperties) = preSolution
		HideSolutionNode = FALSE
	EndGlobalSection
	GlobalSection(ExtensibilityGlobals) = postSolution
		SolutionGuid = {42DC7089-6456-4C61-AC3E-031BD09BD1B9}
	EndGlobalSection
EndGlobal
